// !$*UTF8*$!
{
	archiveVersion = 1;
	classes = {
	};
	objectVersion = 56;
	objects = {

/* Begin PBXBuildFile section */
		14A3AF5DCDAEF157397F2EFA /* Pods_Marketplace.framework in Frameworks */ = {isa = PBXBuildFile; fileRef = 35A32771C59B3552E892E681 /* Pods_Marketplace.framework */; };
		6D1FE76F25D701CDCBF07180 /* Pods_MarketplaceTests.framework in Frameworks */ = {isa = PBXBuildFile; fileRef = 8E9EDF9718DD318E61C364FC /* Pods_MarketplaceTests.framework */; };
		C677AA472A3A37B900CF75E1 /* AppDelegate.swift in Sources */ = {isa = PBXBuildFile; fileRef = C677AA462A3A37B900CF75E1 /* AppDelegate.swift */; };
		C677AA4B2A3A37B900CF75E1 /* ViewController.swift in Sources */ = {isa = PBXBuildFile; fileRef = C677AA4A2A3A37B900CF75E1 /* ViewController.swift */; };
		C677AA502A3A37BA00CF75E1 /* Assets.xcassets in Resources */ = {isa = PBXBuildFile; fileRef = C677AA4F2A3A37BA00CF75E1 /* Assets.xcassets */; };
		C677AA532A3A37BA00CF75E1 /* LaunchScreen.storyboard in Resources */ = {isa = PBXBuildFile; fileRef = C677AA512A3A37BA00CF75E1 /* LaunchScreen.storyboard */; };
		C677AA5E2A3A38C700CF75E1 /* AppCoordinator.swift in Sources */ = {isa = PBXBuildFile; fileRef = C677AA5D2A3A38C700CF75E1 /* AppCoordinator.swift */; };
		C677AA612A3A38EC00CF75E1 /* Coordinator.swift in Sources */ = {isa = PBXBuildFile; fileRef = C677AA602A3A38EC00CF75E1 /* Coordinator.swift */; };
		C677AA632A3A39BC00CF75E1 /* BaseViewController.swift in Sources */ = {isa = PBXBuildFile; fileRef = C677AA622A3A39BC00CF75E1 /* BaseViewController.swift */; };
		C677AA792A3AA62B00CF75E1 /* MarketPlaceTests.swift in Sources */ = {isa = PBXBuildFile; fileRef = C677AA782A3AA62B00CF75E1 /* MarketPlaceTests.swift */; };
/* End PBXBuildFile section */

/* Begin PBXContainerItemProxy section */
		C677AA7A2A3AA62B00CF75E1 /* PBXContainerItemProxy */ = {
			isa = PBXContainerItemProxy;
			containerPortal = C677AA3B2A3A37B900CF75E1 /* Project object */;
			proxyType = 1;
			remoteGlobalIDString = C677AA422A3A37B900CF75E1;
			remoteInfo = MarketPlace;
		};
/* End PBXContainerItemProxy section */

/* Begin PBXFileReference section */
		35A32771C59B3552E892E681 /* Pods_Marketplace.framework */ = {isa = PBXFileReference; explicitFileType = wrapper.framework; includeInIndex = 0; path = Pods_Marketplace.framework; sourceTree = BUILT_PRODUCTS_DIR; };
		3D6C3A8326180435EB7438E4 /* Pods-Marketplace.release.xcconfig */ = {isa = PBXFileReference; includeInIndex = 1; lastKnownFileType = text.xcconfig; name = "Pods-Marketplace.release.xcconfig"; path = "Target Support Files/Pods-Marketplace/Pods-Marketplace.release.xcconfig"; sourceTree = "<group>"; };
		8E9EDF9718DD318E61C364FC /* Pods_MarketplaceTests.framework */ = {isa = PBXFileReference; explicitFileType = wrapper.framework; includeInIndex = 0; path = Pods_MarketplaceTests.framework; sourceTree = BUILT_PRODUCTS_DIR; };
		915D5AF56377E19B237844A5 /* Pods-Marketplace.debug.xcconfig */ = {isa = PBXFileReference; includeInIndex = 1; lastKnownFileType = text.xcconfig; name = "Pods-Marketplace.debug.xcconfig"; path = "Target Support Files/Pods-Marketplace/Pods-Marketplace.debug.xcconfig"; sourceTree = "<group>"; };
		9BB37F4A3A98481EEBF60566 /* Pods-MarketplaceTests.release.xcconfig */ = {isa = PBXFileReference; includeInIndex = 1; lastKnownFileType = text.xcconfig; name = "Pods-MarketplaceTests.release.xcconfig"; path = "Target Support Files/Pods-MarketplaceTests/Pods-MarketplaceTests.release.xcconfig"; sourceTree = "<group>"; };
		C677AA432A3A37B900CF75E1 /* Marketplace.app */ = {isa = PBXFileReference; explicitFileType = wrapper.application; includeInIndex = 0; path = Marketplace.app; sourceTree = BUILT_PRODUCTS_DIR; };
		C677AA462A3A37B900CF75E1 /* AppDelegate.swift */ = {isa = PBXFileReference; lastKnownFileType = sourcecode.swift; path = AppDelegate.swift; sourceTree = "<group>"; };
		C677AA4A2A3A37B900CF75E1 /* ViewController.swift */ = {isa = PBXFileReference; lastKnownFileType = sourcecode.swift; path = ViewController.swift; sourceTree = "<group>"; };
		C677AA4F2A3A37BA00CF75E1 /* Assets.xcassets */ = {isa = PBXFileReference; lastKnownFileType = folder.assetcatalog; path = Assets.xcassets; sourceTree = "<group>"; };
		C677AA522A3A37BA00CF75E1 /* Base */ = {isa = PBXFileReference; lastKnownFileType = file.storyboard; name = Base; path = Base.lproj/LaunchScreen.storyboard; sourceTree = "<group>"; };
		C677AA542A3A37BA00CF75E1 /* Info.plist */ = {isa = PBXFileReference; lastKnownFileType = text.plist.xml; path = Info.plist; sourceTree = "<group>"; };
		C677AA5D2A3A38C700CF75E1 /* AppCoordinator.swift */ = {isa = PBXFileReference; lastKnownFileType = sourcecode.swift; path = AppCoordinator.swift; sourceTree = "<group>"; };
		C677AA602A3A38EC00CF75E1 /* Coordinator.swift */ = {isa = PBXFileReference; lastKnownFileType = sourcecode.swift; path = Coordinator.swift; sourceTree = "<group>"; };
		C677AA622A3A39BC00CF75E1 /* BaseViewController.swift */ = {isa = PBXFileReference; lastKnownFileType = sourcecode.swift; path = BaseViewController.swift; sourceTree = "<group>"; };
		C677AA762A3AA62A00CF75E1 /* MarketplaceTests.xctest */ = {isa = PBXFileReference; explicitFileType = wrapper.cfbundle; includeInIndex = 0; path = MarketplaceTests.xctest; sourceTree = BUILT_PRODUCTS_DIR; };
		C677AA782A3AA62B00CF75E1 /* MarketPlaceTests.swift */ = {isa = PBXFileReference; lastKnownFileType = sourcecode.swift; path = MarketPlaceTests.swift; sourceTree = "<group>"; };
		FF900AAE1B0E9A2AB04794FF /* Pods-MarketplaceTests.debug.xcconfig */ = {isa = PBXFileReference; includeInIndex = 1; lastKnownFileType = text.xcconfig; name = "Pods-MarketplaceTests.debug.xcconfig"; path = "Target Support Files/Pods-MarketplaceTests/Pods-MarketplaceTests.debug.xcconfig"; sourceTree = "<group>"; };
/* End PBXFileReference section */

/* Begin PBXFrameworksBuildPhase section */
		C677AA402A3A37B900CF75E1 /* Frameworks */ = {
			isa = PBXFrameworksBuildPhase;
			buildActionMask = 2147483647;
			files = (
				14A3AF5DCDAEF157397F2EFA /* Pods_Marketplace.framework in Frameworks */,
			);
			runOnlyForDeploymentPostprocessing = 0;
		};
		C677AA732A3AA62A00CF75E1 /* Frameworks */ = {
			isa = PBXFrameworksBuildPhase;
			buildActionMask = 2147483647;
			files = (
				6D1FE76F25D701CDCBF07180 /* Pods_MarketplaceTests.framework in Frameworks */,
			);
			runOnlyForDeploymentPostprocessing = 0;
		};
/* End PBXFrameworksBuildPhase section */

/* Begin PBXGroup section */
		06FB66092DCF527EF42CA32C /* Frameworks */ = {
			isa = PBXGroup;
			children = (
				35A32771C59B3552E892E681 /* Pods_Marketplace.framework */,
				8E9EDF9718DD318E61C364FC /* Pods_MarketplaceTests.framework */,
			);
			name = Frameworks;
			sourceTree = "<group>";
		};
		1EF099D81EF99205FF685B0C /* Pods */ = {
			isa = PBXGroup;
			children = (
				915D5AF56377E19B237844A5 /* Pods-Marketplace.debug.xcconfig */,
				3D6C3A8326180435EB7438E4 /* Pods-Marketplace.release.xcconfig */,
				FF900AAE1B0E9A2AB04794FF /* Pods-MarketplaceTests.debug.xcconfig */,
				9BB37F4A3A98481EEBF60566 /* Pods-MarketplaceTests.release.xcconfig */,
			);
			name = Pods;
			path = Pods;
			sourceTree = "<group>";
		};
		C677AA3A2A3A37B900CF75E1 = {
			isa = PBXGroup;
			children = (
				C677AA452A3A37B900CF75E1 /* Marketplace */,
				C677AA772A3AA62A00CF75E1 /* MarketplaceTests */,
				C677AA442A3A37B900CF75E1 /* Products */,
				1EF099D81EF99205FF685B0C /* Pods */,
				06FB66092DCF527EF42CA32C /* Frameworks */,
			);
			sourceTree = "<group>";
		};
		C677AA442A3A37B900CF75E1 /* Products */ = {
			isa = PBXGroup;
			children = (
				C677AA432A3A37B900CF75E1 /* Marketplace.app */,
				C677AA762A3AA62A00CF75E1 /* MarketplaceTests.xctest */,
			);
			name = Products;
			sourceTree = "<group>";
		};
		C677AA452A3A37B900CF75E1 /* Marketplace */ = {
			isa = PBXGroup;
			children = (
				C677AA5B2A3A38B400CF75E1 /* Core */,
				C677AA5A2A3A37FF00CF75E1 /* Resources */,
				C677AA4A2A3A37B900CF75E1 /* ViewController.swift */,
			);
			path = Marketplace;
			sourceTree = "<group>";
		};
		C677AA5A2A3A37FF00CF75E1 /* Resources */ = {
			isa = PBXGroup;
			children = (
				C677AA4F2A3A37BA00CF75E1 /* Assets.xcassets */,
				C677AA512A3A37BA00CF75E1 /* LaunchScreen.storyboard */,
				C677AA542A3A37BA00CF75E1 /* Info.plist */,
			);
			path = Resources;
			sourceTree = "<group>";
		};
		C677AA5B2A3A38B400CF75E1 /* Core */ = {
			isa = PBXGroup;
			children = (
				C677AA5F2A3A38E700CF75E1 /* Base */,
				C677AA462A3A37B900CF75E1 /* AppDelegate.swift */,
				C677AA5D2A3A38C700CF75E1 /* AppCoordinator.swift */,
			);
			path = Core;
			sourceTree = "<group>";
		};
		C677AA5F2A3A38E700CF75E1 /* Base */ = {
			isa = PBXGroup;
			children = (
				C677AA602A3A38EC00CF75E1 /* Coordinator.swift */,
				C677AA622A3A39BC00CF75E1 /* BaseViewController.swift */,
			);
			path = Base;
			sourceTree = "<group>";
		};
		C677AA772A3AA62A00CF75E1 /* MarketplaceTests */ = {
			isa = PBXGroup;
			children = (
				C677AA782A3AA62B00CF75E1 /* MarketPlaceTests.swift */,
			);
			path = MarketplaceTests;
			sourceTree = "<group>";
		};
/* End PBXGroup section */

/* Begin PBXNativeTarget section */
		C677AA422A3A37B900CF75E1 /* Marketplace */ = {
			isa = PBXNativeTarget;
			buildConfigurationList = C677AA572A3A37BA00CF75E1 /* Build configuration list for PBXNativeTarget "Marketplace" */;
			buildPhases = (
				66D682EDDC911E4725A8E6D0 /* [CP] Check Pods Manifest.lock */,
				C677AA3F2A3A37B900CF75E1 /* Sources */,
				C677AA402A3A37B900CF75E1 /* Frameworks */,
				C677AA412A3A37B900CF75E1 /* Resources */,
				8ED38E11741180E87520CF26 /* [CP] Embed Pods Frameworks */,
			);
			buildRules = (
			);
			dependencies = (
			);
			name = Marketplace;
			productName = MarketPlace;
			productReference = C677AA432A3A37B900CF75E1 /* Marketplace.app */;
			productType = "com.apple.product-type.application";
		};
		C677AA752A3AA62A00CF75E1 /* MarketplaceTests */ = {
			isa = PBXNativeTarget;
			buildConfigurationList = C677AA7E2A3AA62B00CF75E1 /* Build configuration list for PBXNativeTarget "MarketplaceTests" */;
			buildPhases = (
				6082E0AC27057947C9437B8D /* [CP] Check Pods Manifest.lock */,
				C677AA722A3AA62A00CF75E1 /* Sources */,
				C677AA732A3AA62A00CF75E1 /* Frameworks */,
				C677AA742A3AA62A00CF75E1 /* Resources */,
				0DEE483527209F16B7A0D9DE /* [CP] Embed Pods Frameworks */,
			);
			buildRules = (
			);
			dependencies = (
				C677AA7B2A3AA62B00CF75E1 /* PBXTargetDependency */,
			);
			name = MarketplaceTests;
			productName = MarketPlaceTests;
			productReference = C677AA762A3AA62A00CF75E1 /* MarketplaceTests.xctest */;
			productType = "com.apple.product-type.bundle.unit-test";
		};
/* End PBXNativeTarget section */

/* Begin PBXProject section */
		C677AA3B2A3A37B900CF75E1 /* Project object */ = {
			isa = PBXProject;
			attributes = {
				BuildIndependentTargetsInParallel = 1;
				LastSwiftUpdateCheck = 1410;
				LastUpgradeCheck = 1410;
				TargetAttributes = {
					C677AA422A3A37B900CF75E1 = {
						CreatedOnToolsVersion = 14.1;
					};
					C677AA752A3AA62A00CF75E1 = {
						CreatedOnToolsVersion = 14.1;
						TestTargetID = C677AA422A3A37B900CF75E1;
					};
				};
			};
			buildConfigurationList = C677AA3E2A3A37B900CF75E1 /* Build configuration list for PBXProject "Marketplace" */;
			compatibilityVersion = "Xcode 14.0";
			developmentRegion = en;
			hasScannedForEncodings = 0;
			knownRegions = (
				en,
				Base,
			);
			mainGroup = C677AA3A2A3A37B900CF75E1;
			productRefGroup = C677AA442A3A37B900CF75E1 /* Products */;
			projectDirPath = "";
			projectRoot = "";
			targets = (
				C677AA422A3A37B900CF75E1 /* Marketplace */,
				C677AA752A3AA62A00CF75E1 /* MarketplaceTests */,
			);
		};
/* End PBXProject section */

/* Begin PBXResourcesBuildPhase section */
		C677AA412A3A37B900CF75E1 /* Resources */ = {
			isa = PBXResourcesBuildPhase;
			buildActionMask = 2147483647;
			files = (
				C677AA532A3A37BA00CF75E1 /* LaunchScreen.storyboard in Resources */,
				C677AA502A3A37BA00CF75E1 /* Assets.xcassets in Resources */,
			);
			runOnlyForDeploymentPostprocessing = 0;
		};
		C677AA742A3AA62A00CF75E1 /* Resources */ = {
			isa = PBXResourcesBuildPhase;
			buildActionMask = 2147483647;
			files = (
			);
			runOnlyForDeploymentPostprocessing = 0;
		};
/* End PBXResourcesBuildPhase section */

/* Begin PBXShellScriptBuildPhase section */
		0DEE483527209F16B7A0D9DE /* [CP] Embed Pods Frameworks */ = {
			isa = PBXShellScriptBuildPhase;
			buildActionMask = 2147483647;
			files = (
			);
			inputFileListPaths = (
				"${PODS_ROOT}/Target Support Files/Pods-MarketplaceTests/Pods-MarketplaceTests-frameworks-${CONFIGURATION}-input-files.xcfilelist",
			);
			name = "[CP] Embed Pods Frameworks";
			outputFileListPaths = (
				"${PODS_ROOT}/Target Support Files/Pods-MarketplaceTests/Pods-MarketplaceTests-frameworks-${CONFIGURATION}-output-files.xcfilelist",
			);
			runOnlyForDeploymentPostprocessing = 0;
			shellPath = /bin/sh;
			shellScript = "\"${PODS_ROOT}/Target Support Files/Pods-MarketplaceTests/Pods-MarketplaceTests-frameworks.sh\"\n";
			showEnvVarsInLog = 0;
		};
		6082E0AC27057947C9437B8D /* [CP] Check Pods Manifest.lock */ = {
			isa = PBXShellScriptBuildPhase;
			buildActionMask = 2147483647;
			files = (
			);
			inputFileListPaths = (
			);
			inputPaths = (
				"${PODS_PODFILE_DIR_PATH}/Podfile.lock",
				"${PODS_ROOT}/Manifest.lock",
			);
			name = "[CP] Check Pods Manifest.lock";
			outputFileListPaths = (
			);
			outputPaths = (
				"$(DERIVED_FILE_DIR)/Pods-MarketplaceTests-checkManifestLockResult.txt",
			);
			runOnlyForDeploymentPostprocessing = 0;
			shellPath = /bin/sh;
			shellScript = "diff \"${PODS_PODFILE_DIR_PATH}/Podfile.lock\" \"${PODS_ROOT}/Manifest.lock\" > /dev/null\nif [ $? != 0 ] ; then\n    # print error to STDERR\n    echo \"error: The sandbox is not in sync with the Podfile.lock. Run 'pod install' or update your CocoaPods installation.\" >&2\n    exit 1\nfi\n# This output is used by Xcode 'outputs' to avoid re-running this script phase.\necho \"SUCCESS\" > \"${SCRIPT_OUTPUT_FILE_0}\"\n";
			showEnvVarsInLog = 0;
		};
		66D682EDDC911E4725A8E6D0 /* [CP] Check Pods Manifest.lock */ = {
			isa = PBXShellScriptBuildPhase;
			buildActionMask = 2147483647;
			files = (
			);
			inputFileListPaths = (
			);
			inputPaths = (
				"${PODS_PODFILE_DIR_PATH}/Podfile.lock",
				"${PODS_ROOT}/Manifest.lock",
			);
			name = "[CP] Check Pods Manifest.lock";
			outputFileListPaths = (
			);
			outputPaths = (
				"$(DERIVED_FILE_DIR)/Pods-Marketplace-checkManifestLockResult.txt",
			);
			runOnlyForDeploymentPostprocessing = 0;
			shellPath = /bin/sh;
			shellScript = "diff \"${PODS_PODFILE_DIR_PATH}/Podfile.lock\" \"${PODS_ROOT}/Manifest.lock\" > /dev/null\nif [ $? != 0 ] ; then\n    # print error to STDERR\n    echo \"error: The sandbox is not in sync with the Podfile.lock. Run 'pod install' or update your CocoaPods installation.\" >&2\n    exit 1\nfi\n# This output is used by Xcode 'outputs' to avoid re-running this script phase.\necho \"SUCCESS\" > \"${SCRIPT_OUTPUT_FILE_0}\"\n";
			showEnvVarsInLog = 0;
		};
		8ED38E11741180E87520CF26 /* [CP] Embed Pods Frameworks */ = {
			isa = PBXShellScriptBuildPhase;
			buildActionMask = 2147483647;
			files = (
			);
			inputFileListPaths = (
				"${PODS_ROOT}/Target Support Files/Pods-Marketplace/Pods-Marketplace-frameworks-${CONFIGURATION}-input-files.xcfilelist",
			);
			name = "[CP] Embed Pods Frameworks";
			outputFileListPaths = (
				"${PODS_ROOT}/Target Support Files/Pods-Marketplace/Pods-Marketplace-frameworks-${CONFIGURATION}-output-files.xcfilelist",
			);
			runOnlyForDeploymentPostprocessing = 0;
			shellPath = /bin/sh;
			shellScript = "\"${PODS_ROOT}/Target Support Files/Pods-Marketplace/Pods-Marketplace-frameworks.sh\"\n";
			showEnvVarsInLog = 0;
		};
/* End PBXShellScriptBuildPhase section */

/* Begin PBXSourcesBuildPhase section */
		C677AA3F2A3A37B900CF75E1 /* Sources */ = {
			isa = PBXSourcesBuildPhase;
			buildActionMask = 2147483647;
			files = (
				C677AA632A3A39BC00CF75E1 /* BaseViewController.swift in Sources */,
				C677AA612A3A38EC00CF75E1 /* Coordinator.swift in Sources */,
				C677AA5E2A3A38C700CF75E1 /* AppCoordinator.swift in Sources */,
				C677AA4B2A3A37B900CF75E1 /* ViewController.swift in Sources */,
				C677AA472A3A37B900CF75E1 /* AppDelegate.swift in Sources */,
			);
			runOnlyForDeploymentPostprocessing = 0;
		};
		C677AA722A3AA62A00CF75E1 /* Sources */ = {
			isa = PBXSourcesBuildPhase;
			buildActionMask = 2147483647;
			files = (
				C677AA792A3AA62B00CF75E1 /* MarketPlaceTests.swift in Sources */,
			);
			runOnlyForDeploymentPostprocessing = 0;
		};
/* End PBXSourcesBuildPhase section */

/* Begin PBXTargetDependency section */
		C677AA7B2A3AA62B00CF75E1 /* PBXTargetDependency */ = {
			isa = PBXTargetDependency;
			target = C677AA422A3A37B900CF75E1 /* Marketplace */;
			targetProxy = C677AA7A2A3AA62B00CF75E1 /* PBXContainerItemProxy */;
		};
/* End PBXTargetDependency section */

/* Begin PBXVariantGroup section */
		C677AA512A3A37BA00CF75E1 /* LaunchScreen.storyboard */ = {
			isa = PBXVariantGroup;
			children = (
				C677AA522A3A37BA00CF75E1 /* Base */,
			);
			name = LaunchScreen.storyboard;
			sourceTree = "<group>";
		};
/* End PBXVariantGroup section */

/* Begin XCBuildConfiguration section */
		C677AA552A3A37BA00CF75E1 /* Debug */ = {
			isa = XCBuildConfiguration;
			buildSettings = {
				ALWAYS_SEARCH_USER_PATHS = NO;
				CLANG_ANALYZER_NONNULL = YES;
				CLANG_ANALYZER_NUMBER_OBJECT_CONVERSION = YES_AGGRESSIVE;
				CLANG_CXX_LANGUAGE_STANDARD = "gnu++20";
				CLANG_ENABLE_MODULES = YES;
				CLANG_ENABLE_OBJC_ARC = YES;
				CLANG_ENABLE_OBJC_WEAK = YES;
				CLANG_WARN_BLOCK_CAPTURE_AUTORELEASING = YES;
				CLANG_WARN_BOOL_CONVERSION = YES;
				CLANG_WARN_COMMA = YES;
				CLANG_WARN_CONSTANT_CONVERSION = YES;
				CLANG_WARN_DEPRECATED_OBJC_IMPLEMENTATIONS = YES;
				CLANG_WARN_DIRECT_OBJC_ISA_USAGE = YES_ERROR;
				CLANG_WARN_DOCUMENTATION_COMMENTS = YES;
				CLANG_WARN_EMPTY_BODY = YES;
				CLANG_WARN_ENUM_CONVERSION = YES;
				CLANG_WARN_INFINITE_RECURSION = YES;
				CLANG_WARN_INT_CONVERSION = YES;
				CLANG_WARN_NON_LITERAL_NULL_CONVERSION = YES;
				CLANG_WARN_OBJC_IMPLICIT_RETAIN_SELF = YES;
				CLANG_WARN_OBJC_LITERAL_CONVERSION = YES;
				CLANG_WARN_OBJC_ROOT_CLASS = YES_ERROR;
				CLANG_WARN_QUOTED_INCLUDE_IN_FRAMEWORK_HEADER = YES;
				CLANG_WARN_RANGE_LOOP_ANALYSIS = YES;
				CLANG_WARN_STRICT_PROTOTYPES = YES;
				CLANG_WARN_SUSPICIOUS_MOVE = YES;
				CLANG_WARN_UNGUARDED_AVAILABILITY = YES_AGGRESSIVE;
				CLANG_WARN_UNREACHABLE_CODE = YES;
				CLANG_WARN__DUPLICATE_METHOD_MATCH = YES;
				COPY_PHASE_STRIP = NO;
				DEBUG_INFORMATION_FORMAT = dwarf;
				ENABLE_STRICT_OBJC_MSGSEND = YES;
				ENABLE_TESTABILITY = YES;
				GCC_C_LANGUAGE_STANDARD = gnu11;
				GCC_DYNAMIC_NO_PIC = NO;
				GCC_NO_COMMON_BLOCKS = YES;
				GCC_OPTIMIZATION_LEVEL = 0;
				GCC_PREPROCESSOR_DEFINITIONS = (
					"DEBUG=1",
					"$(inherited)",
				);
				GCC_WARN_64_TO_32_BIT_CONVERSION = YES;
				GCC_WARN_ABOUT_RETURN_TYPE = YES_ERROR;
				GCC_WARN_UNDECLARED_SELECTOR = YES;
				GCC_WARN_UNINITIALIZED_AUTOS = YES_AGGRESSIVE;
				GCC_WARN_UNUSED_FUNCTION = YES;
				GCC_WARN_UNUSED_VARIABLE = YES;
				IPHONEOS_DEPLOYMENT_TARGET = 16.1;
				MTL_ENABLE_DEBUG_INFO = INCLUDE_SOURCE;
				MTL_FAST_MATH = YES;
				ONLY_ACTIVE_ARCH = YES;
				SDKROOT = iphoneos;
				SWIFT_ACTIVE_COMPILATION_CONDITIONS = DEBUG;
				SWIFT_OPTIMIZATION_LEVEL = "-Onone";
			};
			name = Debug;
		};
		C677AA562A3A37BA00CF75E1 /* Release */ = {
			isa = XCBuildConfiguration;
			buildSettings = {
				ALWAYS_SEARCH_USER_PATHS = NO;
				CLANG_ANALYZER_NONNULL = YES;
				CLANG_ANALYZER_NUMBER_OBJECT_CONVERSION = YES_AGGRESSIVE;
				CLANG_CXX_LANGUAGE_STANDARD = "gnu++20";
				CLANG_ENABLE_MODULES = YES;
				CLANG_ENABLE_OBJC_ARC = YES;
				CLANG_ENABLE_OBJC_WEAK = YES;
				CLANG_WARN_BLOCK_CAPTURE_AUTORELEASING = YES;
				CLANG_WARN_BOOL_CONVERSION = YES;
				CLANG_WARN_COMMA = YES;
				CLANG_WARN_CONSTANT_CONVERSION = YES;
				CLANG_WARN_DEPRECATED_OBJC_IMPLEMENTATIONS = YES;
				CLANG_WARN_DIRECT_OBJC_ISA_USAGE = YES_ERROR;
				CLANG_WARN_DOCUMENTATION_COMMENTS = YES;
				CLANG_WARN_EMPTY_BODY = YES;
				CLANG_WARN_ENUM_CONVERSION = YES;
				CLANG_WARN_INFINITE_RECURSION = YES;
				CLANG_WARN_INT_CONVERSION = YES;
				CLANG_WARN_NON_LITERAL_NULL_CONVERSION = YES;
				CLANG_WARN_OBJC_IMPLICIT_RETAIN_SELF = YES;
				CLANG_WARN_OBJC_LITERAL_CONVERSION = YES;
				CLANG_WARN_OBJC_ROOT_CLASS = YES_ERROR;
				CLANG_WARN_QUOTED_INCLUDE_IN_FRAMEWORK_HEADER = YES;
				CLANG_WARN_RANGE_LOOP_ANALYSIS = YES;
				CLANG_WARN_STRICT_PROTOTYPES = YES;
				CLANG_WARN_SUSPICIOUS_MOVE = YES;
				CLANG_WARN_UNGUARDED_AVAILABILITY = YES_AGGRESSIVE;
				CLANG_WARN_UNREACHABLE_CODE = YES;
				CLANG_WARN__DUPLICATE_METHOD_MATCH = YES;
				COPY_PHASE_STRIP = NO;
				DEBUG_INFORMATION_FORMAT = "dwarf-with-dsym";
				ENABLE_NS_ASSERTIONS = NO;
				ENABLE_STRICT_OBJC_MSGSEND = YES;
				GCC_C_LANGUAGE_STANDARD = gnu11;
				GCC_NO_COMMON_BLOCKS = YES;
				GCC_WARN_64_TO_32_BIT_CONVERSION = YES;
				GCC_WARN_ABOUT_RETURN_TYPE = YES_ERROR;
				GCC_WARN_UNDECLARED_SELECTOR = YES;
				GCC_WARN_UNINITIALIZED_AUTOS = YES_AGGRESSIVE;
				GCC_WARN_UNUSED_FUNCTION = YES;
				GCC_WARN_UNUSED_VARIABLE = YES;
				IPHONEOS_DEPLOYMENT_TARGET = 16.1;
				MTL_ENABLE_DEBUG_INFO = NO;
				MTL_FAST_MATH = YES;
				SDKROOT = iphoneos;
				SWIFT_COMPILATION_MODE = wholemodule;
				SWIFT_OPTIMIZATION_LEVEL = "-O";
				VALIDATE_PRODUCT = YES;
			};
			name = Release;
		};
		C677AA582A3A37BA00CF75E1 /* Debug */ = {
			isa = XCBuildConfiguration;
			baseConfigurationReference = 915D5AF56377E19B237844A5 /* Pods-Marketplace.debug.xcconfig */;
			buildSettings = {
				ASSETCATALOG_COMPILER_APPICON_NAME = AppIcon;
				ASSETCATALOG_COMPILER_GLOBAL_ACCENT_COLOR_NAME = AccentColor;
				CODE_SIGN_STYLE = Automatic;
				CURRENT_PROJECT_VERSION = 1;
				GENERATE_INFOPLIST_FILE = YES;
				INFOPLIST_FILE = MarketPlace/Resources/Info.plist;
				INFOPLIST_KEY_UIApplicationSupportsIndirectInputEvents = YES;
				INFOPLIST_KEY_UILaunchStoryboardName = LaunchScreen;
				INFOPLIST_KEY_UISupportedInterfaceOrientations = UIInterfaceOrientationPortrait;
				IPHONEOS_DEPLOYMENT_TARGET = 14.0;
				LD_RUNPATH_SEARCH_PATHS = (
					"$(inherited)",
					"@executable_path/Frameworks",
				);
				MARKETING_VERSION = 1.0;
				PRODUCT_BUNDLE_IDENTIFIER = ggg.MarketPlace;
				PRODUCT_NAME = "$(TARGET_NAME)";
				SWIFT_EMIT_LOC_STRINGS = YES;
				SWIFT_VERSION = 5.0;
				TARGETED_DEVICE_FAMILY = "1,2";
			};
			name = Debug;
		};
		C677AA592A3A37BA00CF75E1 /* Release */ = {
			isa = XCBuildConfiguration;
			baseConfigurationReference = 3D6C3A8326180435EB7438E4 /* Pods-Marketplace.release.xcconfig */;
			buildSettings = {
				ASSETCATALOG_COMPILER_APPICON_NAME = AppIcon;
				ASSETCATALOG_COMPILER_GLOBAL_ACCENT_COLOR_NAME = AccentColor;
				CODE_SIGN_STYLE = Automatic;
				CURRENT_PROJECT_VERSION = 1;
				GENERATE_INFOPLIST_FILE = YES;
				INFOPLIST_FILE = MarketPlace/Resources/Info.plist;
				INFOPLIST_KEY_UIApplicationSupportsIndirectInputEvents = YES;
				INFOPLIST_KEY_UILaunchStoryboardName = LaunchScreen;
				INFOPLIST_KEY_UISupportedInterfaceOrientations = UIInterfaceOrientationPortrait;
				IPHONEOS_DEPLOYMENT_TARGET = 14.0;
				LD_RUNPATH_SEARCH_PATHS = (
					"$(inherited)",
					"@executable_path/Frameworks",
				);
				MARKETING_VERSION = 1.0;
				PRODUCT_BUNDLE_IDENTIFIER = ggg.MarketPlace;
				PRODUCT_NAME = "$(TARGET_NAME)";
				SWIFT_EMIT_LOC_STRINGS = YES;
				SWIFT_VERSION = 5.0;
				TARGETED_DEVICE_FAMILY = "1,2";
			};
			name = Release;
		};
		C677AA7C2A3AA62B00CF75E1 /* Debug */ = {
			isa = XCBuildConfiguration;
			baseConfigurationReference = FF900AAE1B0E9A2AB04794FF /* Pods-MarketplaceTests.debug.xcconfig */;
			buildSettings = {
				BUNDLE_LOADER = "$(TEST_HOST)";
				CODE_SIGN_STYLE = Automatic;
				CURRENT_PROJECT_VERSION = 1;
				GENERATE_INFOPLIST_FILE = YES;
				MARKETING_VERSION = 1.0;
				PRODUCT_BUNDLE_IDENTIFIER = ggg.MarketPlaceTests;
				PRODUCT_NAME = "$(TARGET_NAME)";
				SWIFT_EMIT_LOC_STRINGS = NO;
				SWIFT_VERSION = 5.0;
				TARGETED_DEVICE_FAMILY = "1,2";
				TEST_HOST = "$(BUILT_PRODUCTS_DIR)/Marketplace.app/$(BUNDLE_EXECUTABLE_FOLDER_PATH)/Marketplace";
			};
			name = Debug;
		};
		C677AA7D2A3AA62B00CF75E1 /* Release */ = {
			isa = XCBuildConfiguration;
			baseConfigurationReference = 9BB37F4A3A98481EEBF60566 /* Pods-MarketplaceTests.release.xcconfig */;
			buildSettings = {
				BUNDLE_LOADER = "$(TEST_HOST)";
				CODE_SIGN_STYLE = Automatic;
				CURRENT_PROJECT_VERSION = 1;
				GENERATE_INFOPLIST_FILE = YES;
				MARKETING_VERSION = 1.0;
				PRODUCT_BUNDLE_IDENTIFIER = ggg.MarketPlaceTests;
				PRODUCT_NAME = "$(TARGET_NAME)";
				SWIFT_EMIT_LOC_STRINGS = NO;
				SWIFT_VERSION = 5.0;
				TARGETED_DEVICE_FAMILY = "1,2";
				TEST_HOST = "$(BUILT_PRODUCTS_DIR)/Marketplace.app/$(BUNDLE_EXECUTABLE_FOLDER_PATH)/Marketplace";
			};
			name = Release;
		};
/* End XCBuildConfiguration section */

/* Begin XCConfigurationList section */
		C677AA3E2A3A37B900CF75E1 /* Build configuration list for PBXProject "Marketplace" */ = {
			isa = XCConfigurationList;
			buildConfigurations = (
				C677AA552A3A37BA00CF75E1 /* Debug */,
				C677AA562A3A37BA00CF75E1 /* Release */,
			);
			defaultConfigurationIsVisible = 0;
			defaultConfigurationName = Release;
		};
		C677AA572A3A37BA00CF75E1 /* Build configuration list for PBXNativeTarget "Marketplace" */ = {
			isa = XCConfigurationList;
			buildConfigurations = (
				C677AA582A3A37BA00CF75E1 /* Debug */,
				C677AA592A3A37BA00CF75E1 /* Release */,
			);
			defaultConfigurationIsVisible = 0;
			defaultConfigurationName = Release;
		};
		C677AA7E2A3AA62B00CF75E1 /* Build configuration list for PBXNativeTarget "MarketplaceTests" */ = {
			isa = XCConfigurationList;
			buildConfigurations = (
				C677AA7C2A3AA62B00CF75E1 /* Debug */,
				C677AA7D2A3AA62B00CF75E1 /* Release */,
			);
			defaultConfigurationIsVisible = 0;
			defaultConfigurationName = Release;
		};
/* End XCConfigurationList section */
	};
	rootObject = C677AA3B2A3A37B900CF75E1 /* Project object */;
}
